
Microsoft Visual Studio Solution File, Format Version 12.00
# Visual Studio Version 16
VisualStudioVersion = 16.0.31605.320
MinimumVisualStudioVersion = 10.0.40219.1
Project("{9A19103F-16F7-4668-BE54-9A1E7A4F7556}") = "GenericController_ini", "PCPapi\GenericController_ini.csproj", "{83A6CEBF-1D4F-4D20-AEAE-CD91C0221449}"
EndProject
Global
	GlobalSection(SolutionConfigurationPlatforms) = preSolution
		Debug|Any CPU = Debug|Any CPU
		Release|Any CPU = Release|Any CPU
	EndGlobalSection
	GlobalSection(ProjectConfigurationPlatforms) = postSolution
		{83A6CEBF-1D4F-4D20-AEAE-CD91C0221449}.Debug|Any CPU.ActiveCfg = Debug|Any CPU
		{83A6CEBF-1D4F-4D20-AEAE-CD91C0221449}.Debug|Any CPU.Build.0 = Debug|Any CPU
		{83A6CEBF-1D4F-4D20-AEAE-CD91C0221449}.Release|Any CPU.ActiveCfg = Release|Any CPU
		{83A6CEBF-1D4F-4D20-AEAE-CD91C0221449}.Release|Any CPU.Build.0 = Release|Any CPU
	EndGlobalSection
	GlobalSection(SolutionProperties) = preSolution
		HideSolutionNode = FALSE
	EndGlobalSection
	GlobalSection(ExtensibilityGlobals) = postSolution
		SolutionGuid = {FC1C5BE6-6095-4297-981A-76DD894FB8E8}
	EndGlobalSection
EndGlobal
